
Microsoft Visual Studio Solution File, Format Version 12.00
# Visual Studio Version 17
VisualStudioVersion = 17.11.35303.130
MinimumVisualStudioVersion = 10.0.40219.1
Project("{FAE04EC0-301F-11D3-BF4B-00C04F79EFBC}") = "Buoi7KT", "Buoi7KT.csproj", "{BEC0FA3F-0C01-49F7-BFEA-11208BAE6231}"
EndProject
Global
	GlobalSection(SolutionConfigurationPlatforms) = preSolution
		Debug|Any CPU = Debug|Any CPU
		Release|Any CPU = Release|Any CPU
	EndGlobalSection
	GlobalSection(ProjectConfigurationPlatforms) = postSolution
		{BEC0FA3F-0C01-49F7-BFEA-11208BAE6231}.Debug|Any CPU.ActiveCfg = Debug|Any CPU
		{BEC0FA3F-0C01-49F7-BFEA-11208BAE6231}.Debug|Any CPU.Build.0 = Debug|Any CPU
		{BEC0FA3F-0C01-49F7-BFEA-11208BAE6231}.Release|Any CPU.ActiveCfg = Release|Any CPU
		{BEC0FA3F-0C01-49F7-BFEA-11208BAE6231}.Release|Any CPU.Build.0 = Release|Any CPU
	EndGlobalSection
	GlobalSection(SolutionProperties) = preSolution
		HideSolutionNode = FALSE
	EndGlobalSection
	GlobalSection(ExtensibilityGlobals) = postSolution
		SolutionGuid = {02845CE1-EDE1-4D9C-951A-DE1816928986}
	EndGlobalSection
EndGlobal
